// !$*UTF8*$!
{
	archiveVersion = 1;
	classes = {
	};
	objectVersion = 46;
	objects = {

/* Begin PBXBuildFile section */
		4A06B74716B62D410023767F /* DrawingView.m in Sources */ = {isa = PBXBuildFile; fileRef = 4A06B74616B62D410023767F /* DrawingView.m */; };
		4A2F7545169CD98000DD7A03 /* UIKit.framework in Frameworks */ = {isa = PBXBuildFile; fileRef = 4A2F7544169CD98000DD7A03 /* UIKit.framework */; };
		4A2F7547169CD98000DD7A03 /* Foundation.framework in Frameworks */ = {isa = PBXBuildFile; fileRef = 4A2F7546169CD98000DD7A03 /* Foundation.framework */; };
		4A2F7549169CD98000DD7A03 /* CoreGraphics.framework in Frameworks */ = {isa = PBXBuildFile; fileRef = 4A2F7548169CD98000DD7A03 /* CoreGraphics.framework */; };
		4A2F754F169CD98000DD7A03 /* InfoPlist.strings in Resources */ = {isa = PBXBuildFile; fileRef = 4A2F754D169CD98000DD7A03 /* InfoPlist.strings */; };
		4A2F7551169CD98000DD7A03 /* main.m in Sources */ = {isa = PBXBuildFile; fileRef = 4A2F7550169CD98000DD7A03 /* main.m */; };
		4A2F7555169CD98000DD7A03 /* TextReaderAppDelegate.m in Sources */ = {isa = PBXBuildFile; fileRef = 4A2F7554169CD98000DD7A03 /* TextReaderAppDelegate.m */; };
		4A2F7557169CD98000DD7A03 /* Default.png in Resources */ = {isa = PBXBuildFile; fileRef = 4A2F7556169CD98000DD7A03 /* Default.png */; };
		4A2F7559169CD98000DD7A03 /* Default@2x.png in Resources */ = {isa = PBXBuildFile; fileRef = 4A2F7558169CD98000DD7A03 /* Default@2x.png */; };
		4A2F755B169CD98000DD7A03 /* Default-568h@2x.png in Resources */ = {isa = PBXBuildFile; fileRef = 4A2F755A169CD98000DD7A03 /* Default-568h@2x.png */; };
		4A2F755E169CD98000DD7A03 /* MainStoryboard.storyboard in Resources */ = {isa = PBXBuildFile; fileRef = 4A2F755C169CD98000DD7A03 /* MainStoryboard.storyboard */; };
		4A2F7561169CD98000DD7A03 /* TextReaderViewController.m in Sources */ = {isa = PBXBuildFile; fileRef = 4A2F7560169CD98000DD7A03 /* TextReaderViewController.m */; };
		4A7E194516B323910031A7A1 /* UIImage+LineDrawer.m in Sources */ = {isa = PBXBuildFile; fileRef = 4A7E194416B323910031A7A1 /* UIImage+LineDrawer.m */; };
		4AB487E116B74B00005960FA /* Character.m in Sources */ = {isa = PBXBuildFile; fileRef = 4AB487E016B74B00005960FA /* Character.m */; };
		4ADC0B1616BB668D00815209 /* BookListViewController.m in Sources */ = {isa = PBXBuildFile; fileRef = 4ADC0B1516BB668D00815209 /* BookListViewController.m */; };
		4ADDA66816C2C40900F7E7A3 /* PageListViewController.m in Sources */ = {isa = PBXBuildFile; fileRef = 4ADDA66716C2C40900F7E7A3 /* PageListViewController.m */; };
		4AE6597616B4ADB700E0C76E /* PageViewController.m in Sources */ = {isa = PBXBuildFile; fileRef = 4AE6597516B4ADB700E0C76E /* PageViewController.m */; };
/* End PBXBuildFile section */

/* Begin PBXFileReference section */
		4A06B74516B62D410023767F /* DrawingView.h */ = {isa = PBXFileReference; fileEncoding = 4; lastKnownFileType = sourcecode.c.h; path = DrawingView.h; sourceTree = "<group>"; };
		4A06B74616B62D410023767F /* DrawingView.m */ = {isa = PBXFileReference; fileEncoding = 4; lastKnownFileType = sourcecode.c.objc; path = DrawingView.m; sourceTree = "<group>"; };
		4A2F7540169CD98000DD7A03 /* Text Reader.app */ = {isa = PBXFileReference; explicitFileType = wrapper.application; includeInIndex = 0; path = "Text Reader.app"; sourceTree = BUILT_PRODUCTS_DIR; };
		4A2F7544169CD98000DD7A03 /* UIKit.framework */ = {isa = PBXFileReference; lastKnownFileType = wrapper.framework; name = UIKit.framework; path = System/Library/Frameworks/UIKit.framework; sourceTree = SDKROOT; };
		4A2F7546169CD98000DD7A03 /* Foundation.framework */ = {isa = PBXFileReference; lastKnownFileType = wrapper.framework; name = Foundation.framework; path = System/Library/Frameworks/Foundation.framework; sourceTree = SDKROOT; };
		4A2F7548169CD98000DD7A03 /* CoreGraphics.framework */ = {isa = PBXFileReference; lastKnownFileType = wrapper.framework; name = CoreGraphics.framework; path = System/Library/Frameworks/CoreGraphics.framework; sourceTree = SDKROOT; };
		4A2F754C169CD98000DD7A03 /* Text Reader-Info.plist */ = {isa = PBXFileReference; lastKnownFileType = text.plist.xml; path = "Text Reader-Info.plist"; sourceTree = "<group>"; };
		4A2F754E169CD98000DD7A03 /* en */ = {isa = PBXFileReference; lastKnownFileType = text.plist.strings; name = en; path = en.lproj/InfoPlist.strings; sourceTree = "<group>"; };
		4A2F7550169CD98000DD7A03 /* main.m */ = {isa = PBXFileReference; lastKnownFileType = sourcecode.c.objc; path = main.m; sourceTree = "<group>"; };
		4A2F7552169CD98000DD7A03 /* Text Reader-Prefix.pch */ = {isa = PBXFileReference; lastKnownFileType = sourcecode.c.h; path = "Text Reader-Prefix.pch"; sourceTree = "<group>"; };
		4A2F7553169CD98000DD7A03 /* TextReaderAppDelegate.h */ = {isa = PBXFileReference; lastKnownFileType = sourcecode.c.h; path = TextReaderAppDelegate.h; sourceTree = "<group>"; };
		4A2F7554169CD98000DD7A03 /* TextReaderAppDelegate.m */ = {isa = PBXFileReference; lastKnownFileType = sourcecode.c.objc; path = TextReaderAppDelegate.m; sourceTree = "<group>"; };
		4A2F7556169CD98000DD7A03 /* Default.png */ = {isa = PBXFileReference; lastKnownFileType = image.png; path = Default.png; sourceTree = "<group>"; };
		4A2F7558169CD98000DD7A03 /* Default@2x.png */ = {isa = PBXFileReference; lastKnownFileType = image.png; path = "Default@2x.png"; sourceTree = "<group>"; };
		4A2F755A169CD98000DD7A03 /* Default-568h@2x.png */ = {isa = PBXFileReference; lastKnownFileType = image.png; path = "Default-568h@2x.png"; sourceTree = "<group>"; };
		4A2F755D169CD98000DD7A03 /* en */ = {isa = PBXFileReference; lastKnownFileType = file.storyboard; name = en; path = en.lproj/MainStoryboard.storyboard; sourceTree = "<group>"; };
		4A2F755F169CD98000DD7A03 /* TextReaderViewController.h */ = {isa = PBXFileReference; lastKnownFileType = sourcecode.c.h; path = TextReaderViewController.h; sourceTree = "<group>"; };
		4A2F7560169CD98000DD7A03 /* TextReaderViewController.m */ = {isa = PBXFileReference; lastKnownFileType = sourcecode.c.objc; path = TextReaderViewController.m; sourceTree = "<group>"; };
		4A7E194316B323910031A7A1 /* UIImage+LineDrawer.h */ = {isa = PBXFileReference; fileEncoding = 4; lastKnownFileType = sourcecode.c.h; path = "UIImage+LineDrawer.h"; sourceTree = "<group>"; };
		4A7E194416B323910031A7A1 /* UIImage+LineDrawer.m */ = {isa = PBXFileReference; fileEncoding = 4; lastKnownFileType = sourcecode.c.objc; path = "UIImage+LineDrawer.m"; sourceTree = "<group>"; };
		4AB487DF16B74B00005960FA /* Character.h */ = {isa = PBXFileReference; fileEncoding = 4; lastKnownFileType = sourcecode.c.h; path = Character.h; sourceTree = "<group>"; };
		4AB487E016B74B00005960FA /* Character.m */ = {isa = PBXFileReference; fileEncoding = 4; lastKnownFileType = sourcecode.c.objc; path = Character.m; sourceTree = "<group>"; };
		4ADC0B1416BB668D00815209 /* BookListViewController.h */ = {isa = PBXFileReference; fileEncoding = 4; lastKnownFileType = sourcecode.c.h; path = BookListViewController.h; sourceTree = "<group>"; };
		4ADC0B1516BB668D00815209 /* BookListViewController.m */ = {isa = PBXFileReference; fileEncoding = 4; lastKnownFileType = sourcecode.c.objc; path = BookListViewController.m; sourceTree = "<group>"; };
		4ADDA66616C2C40800F7E7A3 /* PageListViewController.h */ = {isa = PBXFileReference; fileEncoding = 4; lastKnownFileType = sourcecode.c.h; path = PageListViewController.h; sourceTree = "<group>"; };
		4ADDA66716C2C40900F7E7A3 /* PageListViewController.m */ = {isa = PBXFileReference; fileEncoding = 4; lastKnownFileType = sourcecode.c.objc; path = PageListViewController.m; sourceTree = "<group>"; };
		4AE6597416B4ADB700E0C76E /* PageViewController.h */ = {isa = PBXFileReference; fileEncoding = 4; lastKnownFileType = sourcecode.c.h; path = PageViewController.h; sourceTree = "<group>"; };
		4AE6597516B4ADB700E0C76E /* PageViewController.m */ = {isa = PBXFileReference; fileEncoding = 4; lastKnownFileType = sourcecode.c.objc; path = PageViewController.m; sourceTree = "<group>"; };
/* End PBXFileReference section */

/* Begin PBXFrameworksBuildPhase section */
		4A2F753D169CD98000DD7A03 /* Frameworks */ = {
			isa = PBXFrameworksBuildPhase;
			buildActionMask = 2147483647;
			files = (
				4A2F7545169CD98000DD7A03 /* UIKit.framework in Frameworks */,
				4A2F7547169CD98000DD7A03 /* Foundation.framework in Frameworks */,
				4A2F7549169CD98000DD7A03 /* CoreGraphics.framework in Frameworks */,
			);
			runOnlyForDeploymentPostprocessing = 0;
		};
/* End PBXFrameworksBuildPhase section */

/* Begin PBXGroup section */
		4A2F7535169CD97F00DD7A03 = {
			isa = PBXGroup;
			children = (
				4A2F754A169CD98000DD7A03 /* Text Reader */,
				4A2F7543169CD98000DD7A03 /* Frameworks */,
				4A2F7541169CD98000DD7A03 /* Products */,
			);
			sourceTree = "<group>";
		};
		4A2F7541169CD98000DD7A03 /* Products */ = {
			isa = PBXGroup;
			children = (
				4A2F7540169CD98000DD7A03 /* Text Reader.app */,
			);
			name = Products;
			sourceTree = "<group>";
		};
		4A2F7543169CD98000DD7A03 /* Frameworks */ = {
			isa = PBXGroup;
			children = (
				4A2F7544169CD98000DD7A03 /* UIKit.framework */,
				4A2F7546169CD98000DD7A03 /* Foundation.framework */,
				4A2F7548169CD98000DD7A03 /* CoreGraphics.framework */,
			);
			name = Frameworks;
			sourceTree = "<group>";
		};
		4A2F754A169CD98000DD7A03 /* Text Reader */ = {
			isa = PBXGroup;
			children = (
				4A2F7553169CD98000DD7A03 /* TextReaderAppDelegate.h */,
				4A2F7554169CD98000DD7A03 /* TextReaderAppDelegate.m */,
				4A2F755C169CD98000DD7A03 /* MainStoryboard.storyboard */,
				4A2F755F169CD98000DD7A03 /* TextReaderViewController.h */,
				4A2F7560169CD98000DD7A03 /* TextReaderViewController.m */,
				4ADC0B1416BB668D00815209 /* BookListViewController.h */,
				4ADC0B1516BB668D00815209 /* BookListViewController.m */,
				4ADDA66616C2C40800F7E7A3 /* PageListViewController.h */,
				4ADDA66716C2C40900F7E7A3 /* PageListViewController.m */,
				4AE6597416B4ADB700E0C76E /* PageViewController.h */,
				4AE6597516B4ADB700E0C76E /* PageViewController.m */,
				4A06B74516B62D410023767F /* DrawingView.h */,
				4A06B74616B62D410023767F /* DrawingView.m */,
				4A7E194316B323910031A7A1 /* UIImage+LineDrawer.h */,
				4A7E194416B323910031A7A1 /* UIImage+LineDrawer.m */,
				4AB487DF16B74B00005960FA /* Character.h */,
				4AB487E016B74B00005960FA /* Character.m */,
				4A2F754B169CD98000DD7A03 /* Supporting Files */,
			);
			path = "Text Reader";
			sourceTree = "<group>";
		};
		4A2F754B169CD98000DD7A03 /* Supporting Files */ = {
			isa = PBXGroup;
			children = (
				4A2F754C169CD98000DD7A03 /* Text Reader-Info.plist */,
				4A2F754D169CD98000DD7A03 /* InfoPlist.strings */,
				4A2F7550169CD98000DD7A03 /* main.m */,
				4A2F7552169CD98000DD7A03 /* Text Reader-Prefix.pch */,
				4A2F7556169CD98000DD7A03 /* Default.png */,
				4A2F7558169CD98000DD7A03 /* Default@2x.png */,
				4A2F755A169CD98000DD7A03 /* Default-568h@2x.png */,
			);
			name = "Supporting Files";
			sourceTree = "<group>";
		};
/* End PBXGroup section */

/* Begin PBXNativeTarget section */
		4A2F753F169CD98000DD7A03 /* Text Reader */ = {
			isa = PBXNativeTarget;
			buildConfigurationList = 4A2F7564169CD98000DD7A03 /* Build configuration list for PBXNativeTarget "Text Reader" */;
			buildPhases = (
				4A2F753C169CD98000DD7A03 /* Sources */,
				4A2F753D169CD98000DD7A03 /* Frameworks */,
				4A2F753E169CD98000DD7A03 /* Resources */,
			);
			buildRules = (
			);
			dependencies = (
			);
			name = "Text Reader";
			productName = "Text Reader";
			productReference = 4A2F7540169CD98000DD7A03 /* Text Reader.app */;
			productType = "com.apple.product-type.application";
		};
/* End PBXNativeTarget section */

/* Begin PBXProject section */
		4A2F7537169CD97F00DD7A03 /* Project object */ = {
			isa = PBXProject;
			attributes = {
				CLASSPREFIX = TextReader;
				LastUpgradeCheck = 0450;
				ORGANIZATIONNAME = "Satyam Ghodasara";
			};
			buildConfigurationList = 4A2F753A169CD97F00DD7A03 /* Build configuration list for PBXProject "Text Reader" */;
			compatibilityVersion = "Xcode 3.2";
			developmentRegion = English;
			hasScannedForEncodings = 0;
			knownRegions = (
				en,
			);
			mainGroup = 4A2F7535169CD97F00DD7A03;
			productRefGroup = 4A2F7541169CD98000DD7A03 /* Products */;
			projectDirPath = "";
			projectRoot = "";
			targets = (
				4A2F753F169CD98000DD7A03 /* Text Reader */,
			);
		};
/* End PBXProject section */

/* Begin PBXResourcesBuildPhase section */
		4A2F753E169CD98000DD7A03 /* Resources */ = {
			isa = PBXResourcesBuildPhase;
			buildActionMask = 2147483647;
			files = (
				4A2F754F169CD98000DD7A03 /* InfoPlist.strings in Resources */,
				4A2F7557169CD98000DD7A03 /* Default.png in Resources */,
				4A2F7559169CD98000DD7A03 /* Default@2x.png in Resources */,
				4A2F755B169CD98000DD7A03 /* Default-568h@2x.png in Resources */,
				4A2F755E169CD98000DD7A03 /* MainStoryboard.storyboard in Resources */,
			);
			runOnlyForDeploymentPostprocessing = 0;
		};
/* End PBXResourcesBuildPhase section */

/* Begin PBXSourcesBuildPhase section */
		4A2F753C169CD98000DD7A03 /* Sources */ = {
			isa = PBXSourcesBuildPhase;
			buildActionMask = 2147483647;
			files = (
				4A2F7551169CD98000DD7A03 /* main.m in Sources */,
				4A2F7555169CD98000DD7A03 /* TextReaderAppDelegate.m in Sources */,
				4A2F7561169CD98000DD7A03 /* TextReaderViewController.m in Sources */,
				4A7E194516B323910031A7A1 /* UIImage+LineDrawer.m in Sources */,
				4AE6597616B4ADB700E0C76E /* PageViewController.m in Sources */,
				4A06B74716B62D410023767F /* DrawingView.m in Sources */,
				4AB487E116B74B00005960FA /* Character.m in Sources */,
				4ADC0B1616BB668D00815209 /* BookListViewController.m in Sources */,
				4ADDA66816C2C40900F7E7A3 /* PageListViewController.m in Sources */,
			);
			runOnlyForDeploymentPostprocessing = 0;
		};
/* End PBXSourcesBuildPhase section */

/* Begin PBXVariantGroup section */
		4A2F754D169CD98000DD7A03 /* InfoPlist.strings */ = {
			isa = PBXVariantGroup;
			children = (
				4A2F754E169CD98000DD7A03 /* en */,
			);
			name = InfoPlist.strings;
			sourceTree = "<group>";
		};
		4A2F755C169CD98000DD7A03 /* MainStoryboard.storyboard */ = {
			isa = PBXVariantGroup;
			children = (
				4A2F755D169CD98000DD7A03 /* en */,
			);
			name = MainStoryboard.storyboard;
			sourceTree = "<group>";
		};
/* End PBXVariantGroup section */

/* Begin XCBuildConfiguration section */
		4A2F7562169CD98000DD7A03 /* Debug */ = {
			isa = XCBuildConfiguration;
			buildSettings = {
				ALWAYS_SEARCH_USER_PATHS = NO;
				CLANG_CXX_LANGUAGE_STANDARD = "gnu++0x";
				CLANG_CXX_LIBRARY = "libc++";
				CLANG_ENABLE_OBJC_ARC = YES;
				CLANG_WARN_EMPTY_BODY = YES;
				CLANG_WARN__DUPLICATE_METHOD_MATCH = YES;
				CODE_SIGN_IDENTITY = "iPhone Developer";
				"CODE_SIGN_IDENTITY[sdk=iphoneos*]" = "iPhone Developer";
				COPY_PHASE_STRIP = NO;
				GCC_C_LANGUAGE_STANDARD = gnu99;
				GCC_DYNAMIC_NO_PIC = NO;
				GCC_OPTIMIZATION_LEVEL = 0;
				GCC_PREPROCESSOR_DEFINITIONS = (
					"DEBUG=1",
					"$(inherited)",
				);
				GCC_SYMBOLS_PRIVATE_EXTERN = NO;
				GCC_WARN_ABOUT_RETURN_TYPE = YES;
				GCC_WARN_UNINITIALIZED_AUTOS = YES;
				GCC_WARN_UNUSED_VARIABLE = YES;
				IPHONEOS_DEPLOYMENT_TARGET = 6.0;
				ONLY_ACTIVE_ARCH = YES;
				PROVISIONING_PROFILE = "";
				"PROVISIONING_PROFILE[sdk=iphoneos*]" = "";
				SDKROOT = iphoneos;
				TARGETED_DEVICE_FAMILY = 2;
			};
			name = Debug;
		};
		4A2F7563169CD98000DD7A03 /* Release */ = {
			isa = XCBuildConfiguration;
			buildSettings = {
				ALWAYS_SEARCH_USER_PATHS = NO;
				CLANG_CXX_LANGUAGE_STANDARD = "gnu++0x";
				CLANG_CXX_LIBRARY = "libc++";
				CLANG_ENABLE_OBJC_ARC = YES;
				CLANG_WARN_EMPTY_BODY = YES;
				CLANG_WARN__DUPLICATE_METHOD_MATCH = YES;
				CODE_SIGN_IDENTITY = "iPhone Developer";
				"CODE_SIGN_IDENTITY[sdk=iphoneos*]" = "iPhone Developer";
				COPY_PHASE_STRIP = YES;
				GCC_C_LANGUAGE_STANDARD = gnu99;
				GCC_WARN_ABOUT_RETURN_TYPE = YES;
				GCC_WARN_UNINITIALIZED_AUTOS = YES;
				GCC_WARN_UNUSED_VARIABLE = YES;
				IPHONEOS_DEPLOYMENT_TARGET = 6.0;
				OTHER_CFLAGS = "-DNS_BLOCK_ASSERTIONS=1";
				PROVISIONING_PROFILE = "";
				"PROVISIONING_PROFILE[sdk=iphoneos*]" = "";
				SDKROOT = iphoneos;
				TARGETED_DEVICE_FAMILY = 2;
				VALIDATE_PRODUCT = YES;
			};
			name = Release;
		};
		4A2F7565169CD98000DD7A03 /* Debug */ = {
			isa = XCBuildConfiguration;
			buildSettings = {
				CODE_SIGN_IDENTITY = "iPhone Developer";
				"CODE_SIGN_IDENTITY[sdk=iphoneos*]" = "iPhone Developer";
				GCC_PRECOMPILE_PREFIX_HEADER = YES;
				GCC_PREFIX_HEADER = "Text Reader/Text Reader-Prefix.pch";
				INFOPLIST_FILE = "Text Reader/Text Reader-Info.plist";
				IPHONEOS_DEPLOYMENT_TARGET = 6.0;
				PRODUCT_NAME = "$(TARGET_NAME)";
				PROVISIONING_PROFILE = "";
				"PROVISIONING_PROFILE[sdk=iphoneos*]" = "";
				TARGETED_DEVICE_FAMILY = "1,2";
				WRAPPER_EXTENSION = app;
			};
			name = Debug;
		};
		4A2F7566169CD98000DD7A03 /* Release */ = {
			isa = XCBuildConfiguration;
			buildSettings = {
				CODE_SIGN_IDENTITY = "iPhone Developer";
				"CODE_SIGN_IDENTITY[sdk=iphoneos*]" = "iPhone Developer";
				GCC_PRECOMPILE_PREFIX_HEADER = YES;
				GCC_PREFIX_HEADER = "Text Reader/Text Reader-Prefix.pch";
				INFOPLIST_FILE = "Text Reader/Text Reader-Info.plist";
				IPHONEOS_DEPLOYMENT_TARGET = 6.0;
				PRODUCT_NAME = "$(TARGET_NAME)";
				PROVISIONING_PROFILE = "";
				"PROVISIONING_PROFILE[sdk=iphoneos*]" = "";
				TARGETED_DEVICE_FAMILY = "1,2";
				WRAPPER_EXTENSION = app;
			};
			name = Release;
		};
/* End XCBuildConfiguration section */

/* Begin XCConfigurationList section */
		4A2F753A169CD97F00DD7A03 /* Build configuration list for PBXProject "Text Reader" */ = {
			isa = XCConfigurationList;
			buildConfigurations = (
				4A2F7562169CD98000DD7A03 /* Debug */,
				4A2F7563169CD98000DD7A03 /* Release */,
			);
			defaultConfigurationIsVisible = 0;
			defaultConfigurationName = Release;
		};
		4A2F7564169CD98000DD7A03 /* Build configuration list for PBXNativeTarget "Text Reader" */ = {
			isa = XCConfigurationList;
			buildConfigurations = (
				4A2F7565169CD98000DD7A03 /* Debug */,
				4A2F7566169CD98000DD7A03 /* Release */,
			);
			defaultConfigurationIsVisible = 0;
			defaultConfigurationName = Release;
		};
/* End XCConfigurationList section */
	};
	rootObject = 4A2F7537169CD97F00DD7A03 /* Project object */;
}
