// !$*UTF8*$!
{
	archiveVersion = 1;
	classes = {
	};
	objectVersion = 46;
	objects = {

/* Begin PBXBuildFile section */
		4A2D637C18F87666003235EF /* TesseractOCR.framework in Frameworks */ = {isa = PBXBuildFile; fileRef = 4A2D637B18F87666003235EF /* TesseractOCR.framework */; };
		4A2D637E18F8777F003235EF /* libstdc++.6.0.9.dylib in Frameworks */ = {isa = PBXBuildFile; fileRef = 4A2D637D18F8777F003235EF /* libstdc++.6.0.9.dylib */; };
		4A2D638318F88B36003235EF /* SGDoubleStrikethroughView.m in Sources */ = {isa = PBXBuildFile; fileRef = 4A2D638218F88B36003235EF /* SGDoubleStrikethroughView.m */; };
		4A5690961905B2B000A1E1EE /* SGMainTableViewDelegate.m in Sources */ = {isa = PBXBuildFile; fileRef = 4A5690951905B2B000A1E1EE /* SGMainTableViewDelegate.m */; };
		4A5690991905B31400A1E1EE /* SGMainTableViewDataSource.m in Sources */ = {isa = PBXBuildFile; fileRef = 4A5690981905B31400A1E1EE /* SGMainTableViewDataSource.m */; };
		4A56909D1905B5EC00A1E1EE /* SGDocument.m in Sources */ = {isa = PBXBuildFile; fileRef = 4A56909C1905B5EC00A1E1EE /* SGDocument.m */; };
		4A5690A01905BC7D00A1E1EE /* SGDocumentManager.m in Sources */ = {isa = PBXBuildFile; fileRef = 4A56909F1905BC7D00A1E1EE /* SGDocumentManager.m */; };
		4A6D672518F7858500BC82F7 /* SGUtility.m in Sources */ = {isa = PBXBuildFile; fileRef = 4A6D672418F7858500BC82F7 /* SGUtility.m */; };
		4A6D673B18F78E3900BC82F7 /* tessdata in Resources */ = {isa = PBXBuildFile; fileRef = 4A6D673A18F78E3900BC82F7 /* tessdata */; };
		4AC2BE69190301360062C0B2 /* QuartzCore.framework in Frameworks */ = {isa = PBXBuildFile; fileRef = 4AC2BE68190301360062C0B2 /* QuartzCore.framework */; };
		4AE86A3318F638FA0022E006 /* Foundation.framework in Frameworks */ = {isa = PBXBuildFile; fileRef = 4AE86A3218F638FA0022E006 /* Foundation.framework */; };
		4AE86A3518F638FA0022E006 /* CoreGraphics.framework in Frameworks */ = {isa = PBXBuildFile; fileRef = 4AE86A3418F638FA0022E006 /* CoreGraphics.framework */; };
		4AE86A3718F638FA0022E006 /* UIKit.framework in Frameworks */ = {isa = PBXBuildFile; fileRef = 4AE86A3618F638FA0022E006 /* UIKit.framework */; };
		4AE86A3D18F638FA0022E006 /* InfoPlist.strings in Resources */ = {isa = PBXBuildFile; fileRef = 4AE86A3B18F638FA0022E006 /* InfoPlist.strings */; };
		4AE86A3F18F638FA0022E006 /* main.m in Sources */ = {isa = PBXBuildFile; fileRef = 4AE86A3E18F638FA0022E006 /* main.m */; };
		4AE86A4318F638FA0022E006 /* SGAppDelegate.m in Sources */ = {isa = PBXBuildFile; fileRef = 4AE86A4218F638FA0022E006 /* SGAppDelegate.m */; };
		4AE86A4518F638FA0022E006 /* Images.xcassets in Resources */ = {isa = PBXBuildFile; fileRef = 4AE86A4418F638FA0022E006 /* Images.xcassets */; };
		4AE86A4C18F638FA0022E006 /* XCTest.framework in Frameworks */ = {isa = PBXBuildFile; fileRef = 4AE86A4B18F638FA0022E006 /* XCTest.framework */; };
		4AE86A4D18F638FA0022E006 /* Foundation.framework in Frameworks */ = {isa = PBXBuildFile; fileRef = 4AE86A3218F638FA0022E006 /* Foundation.framework */; };
		4AE86A4E18F638FA0022E006 /* UIKit.framework in Frameworks */ = {isa = PBXBuildFile; fileRef = 4AE86A3618F638FA0022E006 /* UIKit.framework */; };
		4AE86A5618F638FA0022E006 /* InfoPlist.strings in Resources */ = {isa = PBXBuildFile; fileRef = 4AE86A5418F638FA0022E006 /* InfoPlist.strings */; };
		4AE86A5818F638FA0022E006 /* OverlayerTests.m in Sources */ = {isa = PBXBuildFile; fileRef = 4AE86A5718F638FA0022E006 /* OverlayerTests.m */; };
		4AEAFA2218F63D8700A20350 /* SGTextRecognizer.m in Sources */ = {isa = PBXBuildFile; fileRef = 4AEAFA2118F63D8700A20350 /* SGTextRecognizer.m */; };
		4AEAFA2418F63DB000A20350 /* Storyboard.storyboard in Resources */ = {isa = PBXBuildFile; fileRef = 4AEAFA2318F63DB000A20350 /* Storyboard.storyboard */; };
		4AEAFA2818F63F4D00A20350 /* SGMainViewController.m in Sources */ = {isa = PBXBuildFile; fileRef = 4AEAFA2718F63F4D00A20350 /* SGMainViewController.m */; };
		B6C9478A8462406B9FB5D3A2 /* libPods-Overlayer.a in Frameworks */ = {isa = PBXBuildFile; fileRef = DFFD3DE30FB04AF6841F8A45 /* libPods-Overlayer.a */; };
/* End PBXBuildFile section */

/* Begin PBXContainerItemProxy section */
		4AE86A4F18F638FA0022E006 /* PBXContainerItemProxy */ = {
			isa = PBXContainerItemProxy;
			containerPortal = 4AE86A2718F638FA0022E006 /* Project object */;
			proxyType = 1;
			remoteGlobalIDString = 4AE86A2E18F638FA0022E006;
			remoteInfo = Overlayer;
		};
/* End PBXContainerItemProxy section */

/* Begin PBXFileReference section */
		1BA3B0EC6627415DA3DAF374 /* Pods-Overlayer.xcconfig */ = {isa = PBXFileReference; includeInIndex = 1; lastKnownFileType = text.xcconfig; name = "Pods-Overlayer.xcconfig"; path = "Pods/Pods-Overlayer.xcconfig"; sourceTree = "<group>"; };
		4A2D637B18F87666003235EF /* TesseractOCR.framework */ = {isa = PBXFileReference; lastKnownFileType = wrapper.framework; name = TesseractOCR.framework; path = Overlayer/Frameworks/TesseractOCR.framework; sourceTree = "<group>"; };
		4A2D637D18F8777F003235EF /* libstdc++.6.0.9.dylib */ = {isa = PBXFileReference; lastKnownFileType = "compiled.mach-o.dylib"; name = "libstdc++.6.0.9.dylib"; path = "usr/lib/libstdc++.6.0.9.dylib"; sourceTree = SDKROOT; };
		4A2D638118F88B36003235EF /* SGDoubleStrikethroughView.h */ = {isa = PBXFileReference; fileEncoding = 4; lastKnownFileType = sourcecode.c.h; name = SGDoubleStrikethroughView.h; path = Views/SGDoubleStrikethroughView.h; sourceTree = "<group>"; };
		4A2D638218F88B36003235EF /* SGDoubleStrikethroughView.m */ = {isa = PBXFileReference; fileEncoding = 4; lastKnownFileType = sourcecode.c.objc; name = SGDoubleStrikethroughView.m; path = Views/SGDoubleStrikethroughView.m; sourceTree = "<group>"; };
		4A5690941905B2B000A1E1EE /* SGMainTableViewDelegate.h */ = {isa = PBXFileReference; fileEncoding = 4; lastKnownFileType = sourcecode.c.h; name = SGMainTableViewDelegate.h; path = "View Controllers/SGMainTableViewDelegate.h"; sourceTree = "<group>"; };
		4A5690951905B2B000A1E1EE /* SGMainTableViewDelegate.m */ = {isa = PBXFileReference; fileEncoding = 4; lastKnownFileType = sourcecode.c.objc; name = SGMainTableViewDelegate.m; path = "View Controllers/SGMainTableViewDelegate.m"; sourceTree = "<group>"; };
		4A5690971905B31400A1E1EE /* SGMainTableViewDataSource.h */ = {isa = PBXFileReference; fileEncoding = 4; lastKnownFileType = sourcecode.c.h; name = SGMainTableViewDataSource.h; path = "View Controllers/SGMainTableViewDataSource.h"; sourceTree = "<group>"; };
		4A5690981905B31400A1E1EE /* SGMainTableViewDataSource.m */ = {isa = PBXFileReference; fileEncoding = 4; lastKnownFileType = sourcecode.c.objc; name = SGMainTableViewDataSource.m; path = "View Controllers/SGMainTableViewDataSource.m"; sourceTree = "<group>"; };
		4A56909B1905B5EC00A1E1EE /* SGDocument.h */ = {isa = PBXFileReference; fileEncoding = 4; lastKnownFileType = sourcecode.c.h; name = SGDocument.h; path = Models/SGDocument.h; sourceTree = "<group>"; };
		4A56909C1905B5EC00A1E1EE /* SGDocument.m */ = {isa = PBXFileReference; fileEncoding = 4; lastKnownFileType = sourcecode.c.objc; name = SGDocument.m; path = Models/SGDocument.m; sourceTree = "<group>"; };
		4A56909E1905BC7D00A1E1EE /* SGDocumentManager.h */ = {isa = PBXFileReference; fileEncoding = 4; lastKnownFileType = sourcecode.c.h; name = SGDocumentManager.h; path = Utility/SGDocumentManager.h; sourceTree = "<group>"; };
		4A56909F1905BC7D00A1E1EE /* SGDocumentManager.m */ = {isa = PBXFileReference; fileEncoding = 4; lastKnownFileType = sourcecode.c.objc; name = SGDocumentManager.m; path = Utility/SGDocumentManager.m; sourceTree = "<group>"; };
		4A6D672318F7858500BC82F7 /* SGUtility.h */ = {isa = PBXFileReference; fileEncoding = 4; lastKnownFileType = sourcecode.c.h; name = SGUtility.h; path = Utility/SGUtility.h; sourceTree = "<group>"; };
		4A6D672418F7858500BC82F7 /* SGUtility.m */ = {isa = PBXFileReference; fileEncoding = 4; lastKnownFileType = sourcecode.c.objc; name = SGUtility.m; path = Utility/SGUtility.m; sourceTree = "<group>"; };
		4A6D673A18F78E3900BC82F7 /* tessdata */ = {isa = PBXFileReference; lastKnownFileType = folder; path = tessdata; sourceTree = "<group>"; };
		4AC2BE68190301360062C0B2 /* QuartzCore.framework */ = {isa = PBXFileReference; lastKnownFileType = wrapper.framework; name = QuartzCore.framework; path = System/Library/Frameworks/QuartzCore.framework; sourceTree = SDKROOT; };
		4AE86A2F18F638FA0022E006 /* Overlayer.app */ = {isa = PBXFileReference; explicitFileType = wrapper.application; includeInIndex = 0; path = Overlayer.app; sourceTree = BUILT_PRODUCTS_DIR; };
		4AE86A3218F638FA0022E006 /* Foundation.framework */ = {isa = PBXFileReference; lastKnownFileType = wrapper.framework; name = Foundation.framework; path = System/Library/Frameworks/Foundation.framework; sourceTree = SDKROOT; };
		4AE86A3418F638FA0022E006 /* CoreGraphics.framework */ = {isa = PBXFileReference; lastKnownFileType = wrapper.framework; name = CoreGraphics.framework; path = System/Library/Frameworks/CoreGraphics.framework; sourceTree = SDKROOT; };
		4AE86A3618F638FA0022E006 /* UIKit.framework */ = {isa = PBXFileReference; lastKnownFileType = wrapper.framework; name = UIKit.framework; path = System/Library/Frameworks/UIKit.framework; sourceTree = SDKROOT; };
		4AE86A3A18F638FA0022E006 /* Overlayer-Info.plist */ = {isa = PBXFileReference; lastKnownFileType = text.plist.xml; path = "Overlayer-Info.plist"; sourceTree = "<group>"; };
		4AE86A3C18F638FA0022E006 /* en */ = {isa = PBXFileReference; lastKnownFileType = text.plist.strings; name = en; path = en.lproj/InfoPlist.strings; sourceTree = "<group>"; };
		4AE86A3E18F638FA0022E006 /* main.m */ = {isa = PBXFileReference; lastKnownFileType = sourcecode.c.objc; path = main.m; sourceTree = "<group>"; };
		4AE86A4018F638FA0022E006 /* Overlayer-Prefix.pch */ = {isa = PBXFileReference; lastKnownFileType = sourcecode.c.h; path = "Overlayer-Prefix.pch"; sourceTree = "<group>"; };
		4AE86A4118F638FA0022E006 /* SGAppDelegate.h */ = {isa = PBXFileReference; lastKnownFileType = sourcecode.c.h; path = SGAppDelegate.h; sourceTree = "<group>"; };
		4AE86A4218F638FA0022E006 /* SGAppDelegate.m */ = {isa = PBXFileReference; lastKnownFileType = sourcecode.c.objc; path = SGAppDelegate.m; sourceTree = "<group>"; };
		4AE86A4418F638FA0022E006 /* Images.xcassets */ = {isa = PBXFileReference; lastKnownFileType = folder.assetcatalog; path = Images.xcassets; sourceTree = "<group>"; };
		4AE86A4A18F638FA0022E006 /* OverlayerTests.xctest */ = {isa = PBXFileReference; explicitFileType = wrapper.cfbundle; includeInIndex = 0; path = OverlayerTests.xctest; sourceTree = BUILT_PRODUCTS_DIR; };
		4AE86A4B18F638FA0022E006 /* XCTest.framework */ = {isa = PBXFileReference; lastKnownFileType = wrapper.framework; name = XCTest.framework; path = Library/Frameworks/XCTest.framework; sourceTree = DEVELOPER_DIR; };
		4AE86A5318F638FA0022E006 /* OverlayerTests-Info.plist */ = {isa = PBXFileReference; lastKnownFileType = text.plist.xml; path = "OverlayerTests-Info.plist"; sourceTree = "<group>"; };
		4AE86A5518F638FA0022E006 /* en */ = {isa = PBXFileReference; lastKnownFileType = text.plist.strings; name = en; path = en.lproj/InfoPlist.strings; sourceTree = "<group>"; };
		4AE86A5718F638FA0022E006 /* OverlayerTests.m */ = {isa = PBXFileReference; lastKnownFileType = sourcecode.c.objc; path = OverlayerTests.m; sourceTree = "<group>"; };
		4AEAFA2018F63D8700A20350 /* SGTextRecognizer.h */ = {isa = PBXFileReference; fileEncoding = 4; lastKnownFileType = sourcecode.c.h; name = SGTextRecognizer.h; path = Utility/SGTextRecognizer.h; sourceTree = "<group>"; };
		4AEAFA2118F63D8700A20350 /* SGTextRecognizer.m */ = {isa = PBXFileReference; fileEncoding = 4; lastKnownFileType = sourcecode.c.objc; name = SGTextRecognizer.m; path = Utility/SGTextRecognizer.m; sourceTree = "<group>"; };
		4AEAFA2318F63DB000A20350 /* Storyboard.storyboard */ = {isa = PBXFileReference; fileEncoding = 4; lastKnownFileType = file.storyboard; path = Storyboard.storyboard; sourceTree = "<group>"; };
		4AEAFA2618F63F4D00A20350 /* SGMainViewController.h */ = {isa = PBXFileReference; fileEncoding = 4; lastKnownFileType = sourcecode.c.h; name = SGMainViewController.h; path = "View Controllers/SGMainViewController.h"; sourceTree = "<group>"; };
		4AEAFA2718F63F4D00A20350 /* SGMainViewController.m */ = {isa = PBXFileReference; fileEncoding = 4; lastKnownFileType = sourcecode.c.objc; name = SGMainViewController.m; path = "View Controllers/SGMainViewController.m"; sourceTree = "<group>"; };
		DFFD3DE30FB04AF6841F8A45 /* libPods-Overlayer.a */ = {isa = PBXFileReference; explicitFileType = archive.ar; includeInIndex = 0; path = "libPods-Overlayer.a"; sourceTree = BUILT_PRODUCTS_DIR; };
/* End PBXFileReference section */

/* Begin PBXFrameworksBuildPhase section */
		4AE86A2C18F638FA0022E006 /* Frameworks */ = {
			isa = PBXFrameworksBuildPhase;
			buildActionMask = 2147483647;
			files = (
				4AC2BE69190301360062C0B2 /* QuartzCore.framework in Frameworks */,
				4A2D637E18F8777F003235EF /* libstdc++.6.0.9.dylib in Frameworks */,
				4A2D637C18F87666003235EF /* TesseractOCR.framework in Frameworks */,
				4AE86A3518F638FA0022E006 /* CoreGraphics.framework in Frameworks */,
				4AE86A3718F638FA0022E006 /* UIKit.framework in Frameworks */,
				4AE86A3318F638FA0022E006 /* Foundation.framework in Frameworks */,
				B6C9478A8462406B9FB5D3A2 /* libPods-Overlayer.a in Frameworks */,
			);
			runOnlyForDeploymentPostprocessing = 0;
		};
		4AE86A4718F638FA0022E006 /* Frameworks */ = {
			isa = PBXFrameworksBuildPhase;
			buildActionMask = 2147483647;
			files = (
				4AE86A4C18F638FA0022E006 /* XCTest.framework in Frameworks */,
				4AE86A4E18F638FA0022E006 /* UIKit.framework in Frameworks */,
				4AE86A4D18F638FA0022E006 /* Foundation.framework in Frameworks */,
			);
			runOnlyForDeploymentPostprocessing = 0;
		};
/* End PBXFrameworksBuildPhase section */

/* Begin PBXGroup section */
		4A2D638018F88B19003235EF /* Views */ = {
			isa = PBXGroup;
			children = (
				4A2D638118F88B36003235EF /* SGDoubleStrikethroughView.h */,
				4A2D638218F88B36003235EF /* SGDoubleStrikethroughView.m */,
			);
			name = Views;
			sourceTree = "<group>";
		};
		4A5690921905B27600A1E1EE /* Main VC */ = {
			isa = PBXGroup;
			children = (
				4AEAFA2618F63F4D00A20350 /* SGMainViewController.h */,
				4AEAFA2718F63F4D00A20350 /* SGMainViewController.m */,
				4A5690941905B2B000A1E1EE /* SGMainTableViewDelegate.h */,
				4A5690951905B2B000A1E1EE /* SGMainTableViewDelegate.m */,
				4A5690971905B31400A1E1EE /* SGMainTableViewDataSource.h */,
				4A5690981905B31400A1E1EE /* SGMainTableViewDataSource.m */,
			);
			name = "Main VC";
			sourceTree = "<group>";
		};
		4A56909A1905B5D400A1E1EE /* Models */ = {
			isa = PBXGroup;
			children = (
				4A56909B1905B5EC00A1E1EE /* SGDocument.h */,
				4A56909C1905B5EC00A1E1EE /* SGDocument.m */,
			);
			name = Models;
			sourceTree = "<group>";
		};
		4A6D672218F7856D00BC82F7 /* Utility */ = {
			isa = PBXGroup;
			children = (
				4A6D672318F7858500BC82F7 /* SGUtility.h */,
				4A6D672418F7858500BC82F7 /* SGUtility.m */,
				4AEAFA2018F63D8700A20350 /* SGTextRecognizer.h */,
				4AEAFA2118F63D8700A20350 /* SGTextRecognizer.m */,
				4A56909E1905BC7D00A1E1EE /* SGDocumentManager.h */,
				4A56909F1905BC7D00A1E1EE /* SGDocumentManager.m */,
			);
			name = Utility;
			sourceTree = "<group>";
		};
		4AE86A2618F638FA0022E006 = {
			isa = PBXGroup;
			children = (
				4AE86A3818F638FA0022E006 /* Overlayer */,
				4AE86A5118F638FA0022E006 /* OverlayerTests */,
				4AE86A3118F638FA0022E006 /* Frameworks */,
				4AE86A3018F638FA0022E006 /* Products */,
				1BA3B0EC6627415DA3DAF374 /* Pods-Overlayer.xcconfig */,
			);
			sourceTree = "<group>";
		};
		4AE86A3018F638FA0022E006 /* Products */ = {
			isa = PBXGroup;
			children = (
				4AE86A2F18F638FA0022E006 /* Overlayer.app */,
				4AE86A4A18F638FA0022E006 /* OverlayerTests.xctest */,
			);
			name = Products;
			sourceTree = "<group>";
		};
		4AE86A3118F638FA0022E006 /* Frameworks */ = {
			isa = PBXGroup;
			children = (
				4AC2BE68190301360062C0B2 /* QuartzCore.framework */,
				4A2D637D18F8777F003235EF /* libstdc++.6.0.9.dylib */,
				4A2D637B18F87666003235EF /* TesseractOCR.framework */,
				4AE86A3218F638FA0022E006 /* Foundation.framework */,
				4AE86A3418F638FA0022E006 /* CoreGraphics.framework */,
				4AE86A3618F638FA0022E006 /* UIKit.framework */,
				4AE86A4B18F638FA0022E006 /* XCTest.framework */,
				DFFD3DE30FB04AF6841F8A45 /* libPods-Overlayer.a */,
			);
			name = Frameworks;
			sourceTree = "<group>";
		};
		4AE86A3818F638FA0022E006 /* Overlayer */ = {
			isa = PBXGroup;
			children = (
				4AE86A4118F638FA0022E006 /* SGAppDelegate.h */,
				4AE86A4218F638FA0022E006 /* SGAppDelegate.m */,
				4AEAFA2318F63DB000A20350 /* Storyboard.storyboard */,
				4AE86A4418F638FA0022E006 /* Images.xcassets */,
				4AEAFA2518F63F3100A20350 /* View Controllers */,
				4A2D638018F88B19003235EF /* Views */,
				4A56909A1905B5D400A1E1EE /* Models */,
				4A6D672218F7856D00BC82F7 /* Utility */,
				4A6D673A18F78E3900BC82F7 /* tessdata */,
				4AE86A3918F638FA0022E006 /* Supporting Files */,
			);
			path = Overlayer;
			sourceTree = "<group>";
		};
		4AE86A3918F638FA0022E006 /* Supporting Files */ = {
			isa = PBXGroup;
			children = (
				4AE86A3A18F638FA0022E006 /* Overlayer-Info.plist */,
				4AE86A3B18F638FA0022E006 /* InfoPlist.strings */,
				4AE86A3E18F638FA0022E006 /* main.m */,
				4AE86A4018F638FA0022E006 /* Overlayer-Prefix.pch */,
			);
			name = "Supporting Files";
			sourceTree = "<group>";
		};
		4AE86A5118F638FA0022E006 /* OverlayerTests */ = {
			isa = PBXGroup;
			children = (
				4AE86A5718F638FA0022E006 /* OverlayerTests.m */,
				4AE86A5218F638FA0022E006 /* Supporting Files */,
			);
			path = OverlayerTests;
			sourceTree = "<group>";
		};
		4AE86A5218F638FA0022E006 /* Supporting Files */ = {
			isa = PBXGroup;
			children = (
				4AE86A5318F638FA0022E006 /* OverlayerTests-Info.plist */,
				4AE86A5418F638FA0022E006 /* InfoPlist.strings */,
			);
			name = "Supporting Files";
			sourceTree = "<group>";
		};
		4AEAFA2518F63F3100A20350 /* View Controllers */ = {
			isa = PBXGroup;
			children = (
				4A5690921905B27600A1E1EE /* Main VC */,
			);
			name = "View Controllers";
			sourceTree = "<group>";
		};
/* End PBXGroup section */

/* Begin PBXNativeTarget section */
		4AE86A2E18F638FA0022E006 /* Overlayer */ = {
			isa = PBXNativeTarget;
			buildConfigurationList = 4AE86A5B18F638FA0022E006 /* Build configuration list for PBXNativeTarget "Overlayer" */;
			buildPhases = (
				9DCBF28685BD4B25A738B2E4 /* Check Pods Manifest.lock */,
				4AE86A2B18F638FA0022E006 /* Sources */,
				4AE86A2C18F638FA0022E006 /* Frameworks */,
				4A74644B18FF84650049F078 /* ShellScript */,
				4AE86A2D18F638FA0022E006 /* Resources */,
				06C0AF28540D46D7A4358943 /* Copy Pods Resources */,
			);
			buildRules = (
			);
			dependencies = (
			);
			name = Overlayer;
			productName = Overlayer;
			productReference = 4AE86A2F18F638FA0022E006 /* Overlayer.app */;
			productType = "com.apple.product-type.application";
		};
		4AE86A4918F638FA0022E006 /* OverlayerTests */ = {
			isa = PBXNativeTarget;
			buildConfigurationList = 4AE86A5E18F638FA0022E006 /* Build configuration list for PBXNativeTarget "OverlayerTests" */;
			buildPhases = (
				4AE86A4618F638FA0022E006 /* Sources */,
				4AE86A4718F638FA0022E006 /* Frameworks */,
				4AE86A4818F638FA0022E006 /* Resources */,
			);
			buildRules = (
			);
			dependencies = (
				4AE86A5018F638FA0022E006 /* PBXTargetDependency */,
			);
			name = OverlayerTests;
			productName = OverlayerTests;
			productReference = 4AE86A4A18F638FA0022E006 /* OverlayerTests.xctest */;
			productType = "com.apple.product-type.bundle.unit-test";
		};
/* End PBXNativeTarget section */

/* Begin PBXProject section */
		4AE86A2718F638FA0022E006 /* Project object */ = {
			isa = PBXProject;
			attributes = {
				CLASSPREFIX = SG;
				LastUpgradeCheck = 0510;
				ORGANIZATIONNAME = "Satyam Ghodasara";
				TargetAttributes = {
					4AE86A2E18F638FA0022E006 = {
						DevelopmentTeam = 76333YNXLE;
					};
					4AE86A4918F638FA0022E006 = {
						TestTargetID = 4AE86A2E18F638FA0022E006;
					};
				};
			};
			buildConfigurationList = 4AE86A2A18F638FA0022E006 /* Build configuration list for PBXProject "Overlayer" */;
			compatibilityVersion = "Xcode 3.2";
			developmentRegion = English;
			hasScannedForEncodings = 0;
			knownRegions = (
				en,
			);
			mainGroup = 4AE86A2618F638FA0022E006;
			productRefGroup = 4AE86A3018F638FA0022E006 /* Products */;
			projectDirPath = "";
			projectRoot = "";
			targets = (
				4AE86A2E18F638FA0022E006 /* Overlayer */,
				4AE86A4918F638FA0022E006 /* OverlayerTests */,
			);
		};
/* End PBXProject section */

/* Begin PBXResourcesBuildPhase section */
		4AE86A2D18F638FA0022E006 /* Resources */ = {
			isa = PBXResourcesBuildPhase;
			buildActionMask = 2147483647;
			files = (
				4AE86A3D18F638FA0022E006 /* InfoPlist.strings in Resources */,
				4A6D673B18F78E3900BC82F7 /* tessdata in Resources */,
				4AE86A4518F638FA0022E006 /* Images.xcassets in Resources */,
				4AEAFA2418F63DB000A20350 /* Storyboard.storyboard in Resources */,
			);
			runOnlyForDeploymentPostprocessing = 0;
		};
		4AE86A4818F638FA0022E006 /* Resources */ = {
			isa = PBXResourcesBuildPhase;
			buildActionMask = 2147483647;
			files = (
				4AE86A5618F638FA0022E006 /* InfoPlist.strings in Resources */,
			);
			runOnlyForDeploymentPostprocessing = 0;
		};
/* End PBXResourcesBuildPhase section */

/* Begin PBXShellScriptBuildPhase section */
		06C0AF28540D46D7A4358943 /* Copy Pods Resources */ = {
			isa = PBXShellScriptBuildPhase;
			buildActionMask = 2147483647;
			files = (
			);
			inputPaths = (
			);
			name = "Copy Pods Resources";
			outputPaths = (
			);
			runOnlyForDeploymentPostprocessing = 0;
			shellPath = /bin/sh;
			shellScript = "\"${SRCROOT}/Pods/Pods-Overlayer-resources.sh\"\n";
			showEnvVarsInLog = 0;
		};
		4A74644B18FF84650049F078 /* ShellScript */ = {
			isa = PBXShellScriptBuildPhase;
			buildActionMask = 2147483647;
			files = (
			);
			inputPaths = (
			);
			outputPaths = (
			);
			runOnlyForDeploymentPostprocessing = 0;
			shellPath = /bin/sh;
			shellScript = "buildNumber=$(/usr/libexec/PlistBuddy -c \"Print CFBundleVersion\" \"$INFOPLIST_FILE\")\nbuildNumber=$(($buildNumber + 1))\n/usr/libexec/PlistBuddy -c \"Set :CFBundleVersion $buildNumber\" \"$INFOPLIST_FILE\"";
		};
		9DCBF28685BD4B25A738B2E4 /* Check Pods Manifest.lock */ = {
			isa = PBXShellScriptBuildPhase;
			buildActionMask = 2147483647;
			files = (
			);
			inputPaths = (
			);
			name = "Check Pods Manifest.lock";
			outputPaths = (
			);
			runOnlyForDeploymentPostprocessing = 0;
			shellPath = /bin/sh;
			shellScript = "diff \"${PODS_ROOT}/../Podfile.lock\" \"${PODS_ROOT}/Manifest.lock\" > /dev/null\nif [[ $? != 0 ]] ; then\n    cat << EOM\nerror: The sandbox is not in sync with the Podfile.lock. Run 'pod install' or update your CocoaPods installation.\nEOM\n    exit 1\nfi\n";
			showEnvVarsInLog = 0;
		};
/* End PBXShellScriptBuildPhase section */

/* Begin PBXSourcesBuildPhase section */
		4AE86A2B18F638FA0022E006 /* Sources */ = {
			isa = PBXSourcesBuildPhase;
			buildActionMask = 2147483647;
			files = (
				4A5690A01905BC7D00A1E1EE /* SGDocumentManager.m in Sources */,
				4A5690961905B2B000A1E1EE /* SGMainTableViewDelegate.m in Sources */,
				4AE86A4318F638FA0022E006 /* SGAppDelegate.m in Sources */,
				4AE86A3F18F638FA0022E006 /* main.m in Sources */,
				4A5690991905B31400A1E1EE /* SGMainTableViewDataSource.m in Sources */,
				4A56909D1905B5EC00A1E1EE /* SGDocument.m in Sources */,
				4AEAFA2218F63D8700A20350 /* SGTextRecognizer.m in Sources */,
				4A6D672518F7858500BC82F7 /* SGUtility.m in Sources */,
				4AEAFA2818F63F4D00A20350 /* SGMainViewController.m in Sources */,
				4A2D638318F88B36003235EF /* SGDoubleStrikethroughView.m in Sources */,
			);
			runOnlyForDeploymentPostprocessing = 0;
		};
		4AE86A4618F638FA0022E006 /* Sources */ = {
			isa = PBXSourcesBuildPhase;
			buildActionMask = 2147483647;
			files = (
				4AE86A5818F638FA0022E006 /* OverlayerTests.m in Sources */,
			);
			runOnlyForDeploymentPostprocessing = 0;
		};
/* End PBXSourcesBuildPhase section */

/* Begin PBXTargetDependency section */
		4AE86A5018F638FA0022E006 /* PBXTargetDependency */ = {
			isa = PBXTargetDependency;
			target = 4AE86A2E18F638FA0022E006 /* Overlayer */;
			targetProxy = 4AE86A4F18F638FA0022E006 /* PBXContainerItemProxy */;
		};
/* End PBXTargetDependency section */

/* Begin PBXVariantGroup section */
		4AE86A3B18F638FA0022E006 /* InfoPlist.strings */ = {
			isa = PBXVariantGroup;
			children = (
				4AE86A3C18F638FA0022E006 /* en */,
			);
			name = InfoPlist.strings;
			sourceTree = "<group>";
		};
		4AE86A5418F638FA0022E006 /* InfoPlist.strings */ = {
			isa = PBXVariantGroup;
			children = (
				4AE86A5518F638FA0022E006 /* en */,
			);
			name = InfoPlist.strings;
			sourceTree = "<group>";
		};
/* End PBXVariantGroup section */

/* Begin XCBuildConfiguration section */
		4AE86A5918F638FA0022E006 /* Debug */ = {
			isa = XCBuildConfiguration;
			buildSettings = {
				ALWAYS_SEARCH_USER_PATHS = NO;
				CLANG_CXX_LANGUAGE_STANDARD = "gnu++0x";
				CLANG_CXX_LIBRARY = "compiler-default";
				CLANG_ENABLE_MODULES = YES;
				CLANG_ENABLE_OBJC_ARC = YES;
				CLANG_WARN_BOOL_CONVERSION = YES;
				CLANG_WARN_CONSTANT_CONVERSION = YES;
				CLANG_WARN_DIRECT_OBJC_ISA_USAGE = YES_ERROR;
				CLANG_WARN_EMPTY_BODY = YES;
				CLANG_WARN_ENUM_CONVERSION = YES;
				CLANG_WARN_INT_CONVERSION = YES;
				CLANG_WARN_OBJC_ROOT_CLASS = YES_ERROR;
				CLANG_WARN__DUPLICATE_METHOD_MATCH = YES;
				"CODE_SIGN_IDENTITY[sdk=iphoneos*]" = "iPhone Developer";
				COPY_PHASE_STRIP = NO;
				GCC_C_LANGUAGE_STANDARD = gnu99;
				GCC_DYNAMIC_NO_PIC = NO;
				GCC_OPTIMIZATION_LEVEL = 0;
				GCC_PREPROCESSOR_DEFINITIONS = (
					"DEBUG=1",
					"$(inherited)",
				);
				GCC_SYMBOLS_PRIVATE_EXTERN = NO;
				GCC_WARN_64_TO_32_BIT_CONVERSION = YES;
				GCC_WARN_ABOUT_RETURN_TYPE = YES_ERROR;
				GCC_WARN_UNDECLARED_SELECTOR = YES;
				GCC_WARN_UNINITIALIZED_AUTOS = YES_AGGRESSIVE;
				GCC_WARN_UNUSED_FUNCTION = YES;
				GCC_WARN_UNUSED_VARIABLE = YES;
				IPHONEOS_DEPLOYMENT_TARGET = 7.1;
				ONLY_ACTIVE_ARCH = YES;
				OTHER_LDFLAGS = "-lstdc++";
				SDKROOT = iphoneos;
				TARGETED_DEVICE_FAMILY = 2;
			};
			name = Debug;
		};
		4AE86A5A18F638FA0022E006 /* Release */ = {
			isa = XCBuildConfiguration;
			buildSettings = {
				ALWAYS_SEARCH_USER_PATHS = NO;
				CLANG_CXX_LANGUAGE_STANDARD = "gnu++0x";
				CLANG_CXX_LIBRARY = "compiler-default";
				CLANG_ENABLE_MODULES = YES;
				CLANG_ENABLE_OBJC_ARC = YES;
				CLANG_WARN_BOOL_CONVERSION = YES;
				CLANG_WARN_CONSTANT_CONVERSION = YES;
				CLANG_WARN_DIRECT_OBJC_ISA_USAGE = YES_ERROR;
				CLANG_WARN_EMPTY_BODY = YES;
				CLANG_WARN_ENUM_CONVERSION = YES;
				CLANG_WARN_INT_CONVERSION = YES;
				CLANG_WARN_OBJC_ROOT_CLASS = YES_ERROR;
				CLANG_WARN__DUPLICATE_METHOD_MATCH = YES;
				"CODE_SIGN_IDENTITY[sdk=iphoneos*]" = "iPhone Developer";
				COPY_PHASE_STRIP = YES;
				ENABLE_NS_ASSERTIONS = NO;
				GCC_C_LANGUAGE_STANDARD = gnu99;
				GCC_WARN_64_TO_32_BIT_CONVERSION = YES;
				GCC_WARN_ABOUT_RETURN_TYPE = YES_ERROR;
				GCC_WARN_UNDECLARED_SELECTOR = YES;
				GCC_WARN_UNINITIALIZED_AUTOS = YES_AGGRESSIVE;
				GCC_WARN_UNUSED_FUNCTION = YES;
				GCC_WARN_UNUSED_VARIABLE = YES;
				IPHONEOS_DEPLOYMENT_TARGET = 7.1;
				OTHER_LDFLAGS = "-lstdc++";
				SDKROOT = iphoneos;
				TARGETED_DEVICE_FAMILY = 2;
				VALIDATE_PRODUCT = YES;
			};
			name = Release;
		};
		4AE86A5C18F638FA0022E006 /* Debug */ = {
			isa = XCBuildConfiguration;
			baseConfigurationReference = 1BA3B0EC6627415DA3DAF374 /* Pods-Overlayer.xcconfig */;
			buildSettings = {
				ASSETCATALOG_COMPILER_APPICON_NAME = AppIcon;
				ASSETCATALOG_COMPILER_LAUNCHIMAGE_NAME = LaunchImage;
				CODE_SIGN_IDENTITY = "iPhone Developer";
				"CODE_SIGN_IDENTITY[sdk=iphoneos*]" = "iPhone Developer";
				FRAMEWORK_SEARCH_PATHS = (
					"$(inherited)",
					"$(PROJECT_DIR)/Overlayer/Frameworks",
				);
				GCC_PRECOMPILE_PREFIX_HEADER = YES;
				GCC_PREFIX_HEADER = "Overlayer/Overlayer-Prefix.pch";
				INFOPLIST_FILE = "Overlayer/Overlayer-Info.plist";
				IPHONEOS_DEPLOYMENT_TARGET = 6.0;
				PRODUCT_NAME = "$(TARGET_NAME)";
				PROVISIONING_PROFILE = "";
				WRAPPER_EXTENSION = app;
			};
			name = Debug;
		};
		4AE86A5D18F638FA0022E006 /* Release */ = {
			isa = XCBuildConfiguration;
			baseConfigurationReference = 1BA3B0EC6627415DA3DAF374 /* Pods-Overlayer.xcconfig */;
			buildSettings = {
				ASSETCATALOG_COMPILER_APPICON_NAME = AppIcon;
				ASSETCATALOG_COMPILER_LAUNCHIMAGE_NAME = LaunchImage;
				CODE_SIGN_IDENTITY = "iPhone Developer";
				"CODE_SIGN_IDENTITY[sdk=iphoneos*]" = "iPhone Developer";
				FRAMEWORK_SEARCH_PATHS = (
					"$(inherited)",
					"$(PROJECT_DIR)/Overlayer/Frameworks",
				);
				GCC_PRECOMPILE_PREFIX_HEADER = YES;
				GCC_PREFIX_HEADER = "Overlayer/Overlayer-Prefix.pch";
				INFOPLIST_FILE = "Overlayer/Overlayer-Info.plist";
				IPHONEOS_DEPLOYMENT_TARGET = 6.0;
				PRODUCT_NAME = "$(TARGET_NAME)";
				PROVISIONING_PROFILE = "";
				WRAPPER_EXTENSION = app;
			};
			name = Release;
		};
		4AE86A5F18F638FA0022E006 /* Debug */ = {
			isa = XCBuildConfiguration;
			buildSettings = {
				BUNDLE_LOADER = "$(BUILT_PRODUCTS_DIR)/Overlayer.app/Overlayer";
				FRAMEWORK_SEARCH_PATHS = (
					"$(SDKROOT)/Developer/Library/Frameworks",
					"$(inherited)",
					"$(DEVELOPER_FRAMEWORKS_DIR)",
				);
				GCC_PRECOMPILE_PREFIX_HEADER = YES;
				GCC_PREFIX_HEADER = "Overlayer/Overlayer-Prefix.pch";
				GCC_PREPROCESSOR_DEFINITIONS = (
					"DEBUG=1",
					"$(inherited)",
				);
				INFOPLIST_FILE = "OverlayerTests/OverlayerTests-Info.plist";
				PRODUCT_NAME = "$(TARGET_NAME)";
				TEST_HOST = "$(BUNDLE_LOADER)";
				WRAPPER_EXTENSION = xctest;
			};
			name = Debug;
		};
		4AE86A6018F638FA0022E006 /* Release */ = {
			isa = XCBuildConfiguration;
			buildSettings = {
				BUNDLE_LOADER = "$(BUILT_PRODUCTS_DIR)/Overlayer.app/Overlayer";
				FRAMEWORK_SEARCH_PATHS = (
					"$(SDKROOT)/Developer/Library/Frameworks",
					"$(inherited)",
					"$(DEVELOPER_FRAMEWORKS_DIR)",
				);
				GCC_PRECOMPILE_PREFIX_HEADER = YES;
				GCC_PREFIX_HEADER = "Overlayer/Overlayer-Prefix.pch";
				INFOPLIST_FILE = "OverlayerTests/OverlayerTests-Info.plist";
				PRODUCT_NAME = "$(TARGET_NAME)";
				TEST_HOST = "$(BUNDLE_LOADER)";
				WRAPPER_EXTENSION = xctest;
			};
			name = Release;
		};
/* End XCBuildConfiguration section */

/* Begin XCConfigurationList section */
		4AE86A2A18F638FA0022E006 /* Build configuration list for PBXProject "Overlayer" */ = {
			isa = XCConfigurationList;
			buildConfigurations = (
				4AE86A5918F638FA0022E006 /* Debug */,
				4AE86A5A18F638FA0022E006 /* Release */,
			);
			defaultConfigurationIsVisible = 0;
			defaultConfigurationName = Release;
		};
		4AE86A5B18F638FA0022E006 /* Build configuration list for PBXNativeTarget "Overlayer" */ = {
			isa = XCConfigurationList;
			buildConfigurations = (
				4AE86A5C18F638FA0022E006 /* Debug */,
				4AE86A5D18F638FA0022E006 /* Release */,
			);
			defaultConfigurationIsVisible = 0;
			defaultConfigurationName = Release;
		};
		4AE86A5E18F638FA0022E006 /* Build configuration list for PBXNativeTarget "OverlayerTests" */ = {
			isa = XCConfigurationList;
			buildConfigurations = (
				4AE86A5F18F638FA0022E006 /* Debug */,
				4AE86A6018F638FA0022E006 /* Release */,
			);
			defaultConfigurationIsVisible = 0;
			defaultConfigurationName = Release;
		};
/* End XCConfigurationList section */
	};
	rootObject = 4AE86A2718F638FA0022E006 /* Project object */;
}
